PODS:
  - Flutter (1.0.0)
  - flutter_native_splash (2.4.3):
    - Flutter
  - flutter_naver_map (1.4.2):
    - Flutter
    - NMapsMap (= 3.23.0)
  - geocoding_ios (1.0.5):
    - Flutter
  - geolocator_apple (1.2.0):
    - Flutter
    - FlutterMacOS
  - NMapsGeometry (1.0.2)
  - NMapsMap (3.23.0):
    - NMapsGeometry
  - package_info_plus (0.4.5):
    - Flutter
  - share_plus (0.0.1):
    - Flutter
  - shared_preferences_foundation (0.0.1):
    - Flutter
    - FlutterMacOS
  - url_launcher_ios (0.0.1):
    - Flutter

DEPENDENCIES:
  - Flutter (from `Flutter`)
  - flutter_native_splash (from `.symlinks/plugins/flutter_native_splash/ios`)
  - flutter_naver_map (from `.symlinks/plugins/flutter_naver_map/ios`)
  - geocoding_ios (from `.symlinks/plugins/geocoding_ios/ios`)
  - geolocator_apple (from `.symlinks/plugins/geolocator_apple/darwin`)
  - package_info_plus (from `.symlinks/plugins/package_info_plus/ios`)
  - share_plus (from `.symlinks/plugins/share_plus/ios`)
  - shared_preferences_foundation (from `.symlinks/plugins/shared_preferences_foundation/darwin`)
  - url_launcher_ios (from `.symlinks/plugins/url_launcher_ios/ios`)

SPEC REPOS:
  trunk:
    - NMapsGeometry
    - NMapsMap

EXTERNAL SOURCES:
  Flutter:
    :path: Flutter
  flutter_native_splash:
    :path: ".symlinks/plugins/flutter_native_splash/ios"
  flutter_naver_map:
    :path: ".symlinks/plugins/flutter_naver_map/ios"
  geocoding_ios:
    :path: ".symlinks/plugins/geocoding_ios/ios"
  geolocator_apple:
    :path: ".symlinks/plugins/geolocator_apple/darwin"
  package_info_plus:
    :path: ".symlinks/plugins/package_info_plus/ios"
  share_plus:
    :path: ".symlinks/plugins/share_plus/ios"
  shared_preferences_foundation:
    :path: ".symlinks/plugins/shared_preferences_foundation/darwin"
  url_launcher_ios:
    :path: ".symlinks/plugins/url_launcher_ios/ios"

SPEC CHECKSUMS:
  Flutter: cabc95a1d2626b1b06e7179b784ebcf0c0cde467
  flutter_native_splash: df59bb2e1421aa0282cb2e95618af4dcb0c56c29
  flutter_naver_map: a1f6df83f663d9770e01624ba97a2d34c4fe349b
  geocoding_ios: eafacae6ad11a1eb56681f7d11df602a5fd49416
  geolocator_apple: 66b711889fd333205763b83c9dcf0a57a28c7afd
  NMapsGeometry: 4e02554fa9880ef02ed96b075dc84355d6352479
  NMapsMap: 1964e6f9073301ad3cbe3a12235ba36f6f6cd905
  package_info_plus: c0502532a26c7662a62a356cebe2692ec5fe4ec4
  share_plus: 8b6f8b3447e494cca5317c8c3073de39b3600d1f
  shared_preferences_foundation: 5086985c1d43c5ba4d5e69a4e8083a389e2909e6
  url_launcher_ios: bb13df5870e8c4234ca12609d04010a21be43dfa

PODFILE CHECKSUM: 3c63482e143d1b91d2d2560aee9fb04ecc74ac7e

COCOAPODS: 1.16.2
